
Microsoft Visual Studio Solution File, Format Version 12.00
# Visual Studio 2012
Project("{FAE04EC0-301F-11D3-BF4B-00C04F79EFBC}") = "Shop", "Shop\Shop.csproj", "{A2A8FE07-7C6D-47F4-9ADE-6F37B70640AD}"
EndProject
Project("{FAE04EC0-301F-11D3-BF4B-00C04F79EFBC}") = "Shop.Tests", "Shop.Tests\Shop.Tests.csproj", "{419114AF-CF59-4019-B9C4-25164E224A03}"
EndProject
Project("{FAE04EC0-301F-11D3-BF4B-00C04F79EFBC}") = "Models", "Models\Models.csproj", "{9B05BD9B-70BC-4EB4-AF62-2F6376AE7A08}"
EndProject
Global
	GlobalSection(SolutionConfigurationPlatforms) = preSolution
		Debug|Any CPU = Debug|Any CPU
		Release|Any CPU = Release|Any CPU
	EndGlobalSection
	GlobalSection(ProjectConfigurationPlatforms) = postSolution
		{A2A8FE07-7C6D-47F4-9ADE-6F37B70640AD}.Debug|Any CPU.ActiveCfg = Debug|Any CPU
		{A2A8FE07-7C6D-47F4-9ADE-6F37B70640AD}.Debug|Any CPU.Build.0 = Debug|Any CPU
		{A2A8FE07-7C6D-47F4-9ADE-6F37B70640AD}.Release|Any CPU.ActiveCfg = Release|Any CPU
		{A2A8FE07-7C6D-47F4-9ADE-6F37B70640AD}.Release|Any CPU.Build.0 = Release|Any CPU
		{419114AF-CF59-4019-B9C4-25164E224A03}.Debug|Any CPU.ActiveCfg = Debug|Any CPU
		{419114AF-CF59-4019-B9C4-25164E224A03}.Debug|Any CPU.Build.0 = Debug|Any CPU
		{419114AF-CF59-4019-B9C4-25164E224A03}.Release|Any CPU.ActiveCfg = Release|Any CPU
		{419114AF-CF59-4019-B9C4-25164E224A03}.Release|Any CPU.Build.0 = Release|Any CPU
		{9B05BD9B-70BC-4EB4-AF62-2F6376AE7A08}.Debug|Any CPU.ActiveCfg = Debug|Any CPU
		{9B05BD9B-70BC-4EB4-AF62-2F6376AE7A08}.Debug|Any CPU.Build.0 = Debug|Any CPU
		{9B05BD9B-70BC-4EB4-AF62-2F6376AE7A08}.Release|Any CPU.ActiveCfg = Release|Any CPU
		{9B05BD9B-70BC-4EB4-AF62-2F6376AE7A08}.Release|Any CPU.Build.0 = Release|Any CPU
	EndGlobalSection
	GlobalSection(SolutionProperties) = preSolution
		HideSolutionNode = FALSE
	EndGlobalSection
EndGlobal
